
Microsoft Visual Studio Solution File, Format Version 12.00
# Visual Studio Version 17
VisualStudioVersion = 17.14.36105.17 d17.14
MinimumVisualStudioVersion = 10.0.40219.1
Project("{FAE04EC0-301F-11D3-BF4B-00C04F79EFBC}") = "ShawarmaCalculator", "ShawarmaCalculator.csproj", "{6B017580-C3F8-479C-A5AA-94B7B97D44CE}"
EndProject
Global
	GlobalSection(SolutionConfigurationPlatforms) = preSolution
		Debug|Any CPU = Debug|Any CPU
		Release|Any CPU = Release|Any CPU
	EndGlobalSection
	GlobalSection(ProjectConfigurationPlatforms) = postSolution
		{6B017580-C3F8-479C-A5AA-94B7B97D44CE}.Debug|Any CPU.ActiveCfg = Debug|Any CPU
		{6B017580-C3F8-479C-A5AA-94B7B97D44CE}.Debug|Any CPU.Build.0 = Debug|Any CPU
		{6B017580-C3F8-479C-A5AA-94B7B97D44CE}.Release|Any CPU.ActiveCfg = Release|Any CPU
		{6B017580-C3F8-479C-A5AA-94B7B97D44CE}.Release|Any CPU.Build.0 = Release|Any CPU
	EndGlobalSection
	GlobalSection(SolutionProperties) = preSolution
		HideSolutionNode = FALSE
	EndGlobalSection
	GlobalSection(ExtensibilityGlobals) = postSolution
		SolutionGuid = {10A3DF87-418D-4961-84B1-5DCDF97AC0CA}
	EndGlobalSection
EndGlobal
